// !$*UTF8*$!
{
	archiveVersion = 1;
	classes = {
	};
	objectVersion = 55;
	objects = {

/* Begin PBXBuildFile section */
		8507AC2E29BB3FEF00514EE5 /* AppDelegate.swift in Sources */ = {isa = PBXBuildFile; fileRef = 8507AC2D29BB3FEF00514EE5 /* AppDelegate.swift */; };
		8507AC3029BB3FEF00514EE5 /* SceneDelegate.swift in Sources */ = {isa = PBXBuildFile; fileRef = 8507AC2F29BB3FEF00514EE5 /* SceneDelegate.swift */; };
		8507AC3229BB3FEF00514EE5 /* ViewController.swift in Sources */ = {isa = PBXBuildFile; fileRef = 8507AC3129BB3FEF00514EE5 /* ViewController.swift */; };
		8507AC3529BB3FEF00514EE5 /* Main.storyboard in Resources */ = {isa = PBXBuildFile; fileRef = 8507AC3329BB3FEF00514EE5 /* Main.storyboard */; };
		8507AC3729BB3FF300514EE5 /* Assets.xcassets in Resources */ = {isa = PBXBuildFile; fileRef = 8507AC3629BB3FF300514EE5 /* Assets.xcassets */; };
		8507AC3A29BB3FF300514EE5 /* LaunchScreen.storyboard in Resources */ = {isa = PBXBuildFile; fileRef = 8507AC3829BB3FF300514EE5 /* LaunchScreen.storyboard */; };
		8507AC4429BB442300514EE5 /* CustomHomeTableViewCell.swift in Sources */ = {isa = PBXBuildFile; fileRef = 8507AC4229BB442300514EE5 /* CustomHomeTableViewCell.swift */; };
		8507AC4529BB442300514EE5 /* CustomHomeTableViewCell.xib in Resources */ = {isa = PBXBuildFile; fileRef = 8507AC4329BB442300514EE5 /* CustomHomeTableViewCell.xib */; };
		8507AC4829BB448300514EE5 /* AppListModel.swift in Sources */ = {isa = PBXBuildFile; fileRef = 8507AC4729BB448300514EE5 /* AppListModel.swift */; };
		8507AC4B29BB4F4300514EE5 /* IAmRichViewController.swift in Sources */ = {isa = PBXBuildFile; fileRef = 8507AC4A29BB4F4300514EE5 /* IAmRichViewController.swift */; };
		8507AC4E29BB5DC500514EE5 /* IAmPoorViewController.swift in Sources */ = {isa = PBXBuildFile; fileRef = 8507AC4D29BB5DC500514EE5 /* IAmPoorViewController.swift */; };
		8507AC5129BB6C5600514EE5 /* DiceeRollViewController.swift in Sources */ = {isa = PBXBuildFile; fileRef = 8507AC5029BB6C5600514EE5 /* DiceeRollViewController.swift */; };
		8507AC5529BB6D4600514EE5 /* CalculatorViewController.swift in Sources */ = {isa = PBXBuildFile; fileRef = 8507AC5429BB6D4600514EE5 /* CalculatorViewController.swift */; };
		8507AC5729BB6D5300514EE5 /* MagicBallViewController.swift in Sources */ = {isa = PBXBuildFile; fileRef = 8507AC5629BB6D5300514EE5 /* MagicBallViewController.swift */; };
		8507AC5A29BB8A9200514EE5 /* XylophoneViewController.swift in Sources */ = {isa = PBXBuildFile; fileRef = 8507AC5929BB8A9200514EE5 /* XylophoneViewController.swift */; };
		8507AC6329BB8C3300514EE5 /* D.wav in Resources */ = {isa = PBXBuildFile; fileRef = 8507AC5C29BB8C3300514EE5 /* D.wav */; };
		8507AC6429BB8C3300514EE5 /* G.wav in Resources */ = {isa = PBXBuildFile; fileRef = 8507AC5D29BB8C3300514EE5 /* G.wav */; };
		8507AC6529BB8C3300514EE5 /* E.wav in Resources */ = {isa = PBXBuildFile; fileRef = 8507AC5E29BB8C3300514EE5 /* E.wav */; };
		8507AC6629BB8C3300514EE5 /* A.wav in Resources */ = {isa = PBXBuildFile; fileRef = 8507AC5F29BB8C3300514EE5 /* A.wav */; };
		8507AC6729BB8C3300514EE5 /* F.wav in Resources */ = {isa = PBXBuildFile; fileRef = 8507AC6029BB8C3300514EE5 /* F.wav */; };
		8507AC6829BB8C3300514EE5 /* C.wav in Resources */ = {isa = PBXBuildFile; fileRef = 8507AC6129BB8C3300514EE5 /* C.wav */; };
		8507AC6929BB8C3300514EE5 /* B.wav in Resources */ = {isa = PBXBuildFile; fileRef = 8507AC6229BB8C3300514EE5 /* B.wav */; };
		8507AC6C29BB911700514EE5 /* EggTimerViewController.swift in Sources */ = {isa = PBXBuildFile; fileRef = 8507AC6B29BB911700514EE5 /* EggTimerViewController.swift */; };
		852B683229BE182C00BF08F7 /* QuizzlerViewController.swift in Sources */ = {isa = PBXBuildFile; fileRef = 852B683129BE182C00BF08F7 /* QuizzlerViewController.swift */; };
		852B683429BE1E6100BF08F7 /* QuestionModel.swift in Sources */ = {isa = PBXBuildFile; fileRef = 852B683329BE1E6100BF08F7 /* QuestionModel.swift */; };
		852B683629BE1E6E00BF08F7 /* QuizzBrain.swift in Sources */ = {isa = PBXBuildFile; fileRef = 852B683529BE1E6E00BF08F7 /* QuizzBrain.swift */; };
		852B683929BE281600BF08F7 /* QuizzlerMViewController.swift in Sources */ = {isa = PBXBuildFile; fileRef = 852B683829BE281600BF08F7 /* QuizzlerMViewController.swift */; };
		852B683B29BE283500BF08F7 /* QuizMModel.swift in Sources */ = {isa = PBXBuildFile; fileRef = 852B683A29BE283500BF08F7 /* QuizMModel.swift */; };
		852B683D29BE28C300BF08F7 /* QuizManager.swift in Sources */ = {isa = PBXBuildFile; fileRef = 852B683C29BE28C300BF08F7 /* QuizManager.swift */; };
		852B684029BE2B4800BF08F7 /* DestiniViewController.swift in Sources */ = {isa = PBXBuildFile; fileRef = 852B683F29BE2B4800BF08F7 /* DestiniViewController.swift */; };
		85999FF129BEF06200BA569B /* DestiniModel.swift in Sources */ = {isa = PBXBuildFile; fileRef = 85999FF029BEF06200BA569B /* DestiniModel.swift */; };
		85999FF329BEF1D300BA569B /* DestiniManager.swift in Sources */ = {isa = PBXBuildFile; fileRef = 85999FF229BEF1D300BA569B /* DestiniManager.swift */; };
		85999FF529BEF74800BA569B /* DestiniProtocol.swift in Sources */ = {isa = PBXBuildFile; fileRef = 85999FF429BEF74800BA569B /* DestiniProtocol.swift */; };
/* End PBXBuildFile section */

/* Begin PBXFileReference section */
		8507AC2A29BB3FEF00514EE5 /* IosLearningStoryBoard.app */ = {isa = PBXFileReference; explicitFileType = wrapper.application; includeInIndex = 0; path = IosLearningStoryBoard.app; sourceTree = BUILT_PRODUCTS_DIR; };
		8507AC2D29BB3FEF00514EE5 /* AppDelegate.swift */ = {isa = PBXFileReference; lastKnownFileType = sourcecode.swift; path = AppDelegate.swift; sourceTree = "<group>"; };
		8507AC2F29BB3FEF00514EE5 /* SceneDelegate.swift */ = {isa = PBXFileReference; lastKnownFileType = sourcecode.swift; path = SceneDelegate.swift; sourceTree = "<group>"; };
		8507AC3129BB3FEF00514EE5 /* ViewController.swift */ = {isa = PBXFileReference; lastKnownFileType = sourcecode.swift; path = ViewController.swift; sourceTree = "<group>"; };
		8507AC3429BB3FEF00514EE5 /* Base */ = {isa = PBXFileReference; lastKnownFileType = file.storyboard; name = Base; path = Base.lproj/Main.storyboard; sourceTree = "<group>"; };
		8507AC3629BB3FF300514EE5 /* Assets.xcassets */ = {isa = PBXFileReference; lastKnownFileType = folder.assetcatalog; path = Assets.xcassets; sourceTree = "<group>"; };
		8507AC3929BB3FF300514EE5 /* Base */ = {isa = PBXFileReference; lastKnownFileType = file.storyboard; name = Base; path = Base.lproj/LaunchScreen.storyboard; sourceTree = "<group>"; };
		8507AC3B29BB3FF300514EE5 /* Info.plist */ = {isa = PBXFileReference; lastKnownFileType = text.plist.xml; path = Info.plist; sourceTree = "<group>"; };
		8507AC4229BB442300514EE5 /* CustomHomeTableViewCell.swift */ = {isa = PBXFileReference; lastKnownFileType = sourcecode.swift; path = CustomHomeTableViewCell.swift; sourceTree = "<group>"; };
		8507AC4329BB442300514EE5 /* CustomHomeTableViewCell.xib */ = {isa = PBXFileReference; lastKnownFileType = file.xib; path = CustomHomeTableViewCell.xib; sourceTree = "<group>"; };
		8507AC4729BB448300514EE5 /* AppListModel.swift */ = {isa = PBXFileReference; lastKnownFileType = sourcecode.swift; path = AppListModel.swift; sourceTree = "<group>"; };
		8507AC4A29BB4F4300514EE5 /* IAmRichViewController.swift */ = {isa = PBXFileReference; lastKnownFileType = sourcecode.swift; path = IAmRichViewController.swift; sourceTree = "<group>"; };
		8507AC4D29BB5DC500514EE5 /* IAmPoorViewController.swift */ = {isa = PBXFileReference; lastKnownFileType = sourcecode.swift; path = IAmPoorViewController.swift; sourceTree = "<group>"; };
		8507AC5029BB6C5600514EE5 /* DiceeRollViewController.swift */ = {isa = PBXFileReference; lastKnownFileType = sourcecode.swift; path = DiceeRollViewController.swift; sourceTree = "<group>"; };
		8507AC5429BB6D4600514EE5 /* CalculatorViewController.swift */ = {isa = PBXFileReference; lastKnownFileType = sourcecode.swift; path = CalculatorViewController.swift; sourceTree = "<group>"; };
		8507AC5629BB6D5300514EE5 /* MagicBallViewController.swift */ = {isa = PBXFileReference; lastKnownFileType = sourcecode.swift; path = MagicBallViewController.swift; sourceTree = "<group>"; };
		8507AC5929BB8A9200514EE5 /* XylophoneViewController.swift */ = {isa = PBXFileReference; lastKnownFileType = sourcecode.swift; path = XylophoneViewController.swift; sourceTree = "<group>"; };
		8507AC5C29BB8C3300514EE5 /* D.wav */ = {isa = PBXFileReference; lastKnownFileType = audio.wav; path = D.wav; sourceTree = "<group>"; };
		8507AC5D29BB8C3300514EE5 /* G.wav */ = {isa = PBXFileReference; lastKnownFileType = audio.wav; path = G.wav; sourceTree = "<group>"; };
		8507AC5E29BB8C3300514EE5 /* E.wav */ = {isa = PBXFileReference; lastKnownFileType = audio.wav; path = E.wav; sourceTree = "<group>"; };
		8507AC5F29BB8C3300514EE5 /* A.wav */ = {isa = PBXFileReference; lastKnownFileType = audio.wav; path = A.wav; sourceTree = "<group>"; };
		8507AC6029BB8C3300514EE5 /* F.wav */ = {isa = PBXFileReference; lastKnownFileType = audio.wav; path = F.wav; sourceTree = "<group>"; };
		8507AC6129BB8C3300514EE5 /* C.wav */ = {isa = PBXFileReference; lastKnownFileType = audio.wav; path = C.wav; sourceTree = "<group>"; };
		8507AC6229BB8C3300514EE5 /* B.wav */ = {isa = PBXFileReference; lastKnownFileType = audio.wav; path = B.wav; sourceTree = "<group>"; };
		8507AC6B29BB911700514EE5 /* EggTimerViewController.swift */ = {isa = PBXFileReference; lastKnownFileType = sourcecode.swift; path = EggTimerViewController.swift; sourceTree = "<group>"; };
		852B683129BE182C00BF08F7 /* QuizzlerViewController.swift */ = {isa = PBXFileReference; lastKnownFileType = sourcecode.swift; path = QuizzlerViewController.swift; sourceTree = "<group>"; };
		852B683329BE1E6100BF08F7 /* QuestionModel.swift */ = {isa = PBXFileReference; lastKnownFileType = sourcecode.swift; path = QuestionModel.swift; sourceTree = "<group>"; };
		852B683529BE1E6E00BF08F7 /* QuizzBrain.swift */ = {isa = PBXFileReference; lastKnownFileType = sourcecode.swift; path = QuizzBrain.swift; sourceTree = "<group>"; };
		852B683829BE281600BF08F7 /* QuizzlerMViewController.swift */ = {isa = PBXFileReference; lastKnownFileType = sourcecode.swift; path = QuizzlerMViewController.swift; sourceTree = "<group>"; };
		852B683A29BE283500BF08F7 /* QuizMModel.swift */ = {isa = PBXFileReference; lastKnownFileType = sourcecode.swift; path = QuizMModel.swift; sourceTree = "<group>"; };
		852B683C29BE28C300BF08F7 /* QuizManager.swift */ = {isa = PBXFileReference; lastKnownFileType = sourcecode.swift; path = QuizManager.swift; sourceTree = "<group>"; };
		852B683F29BE2B4800BF08F7 /* DestiniViewController.swift */ = {isa = PBXFileReference; lastKnownFileType = sourcecode.swift; path = DestiniViewController.swift; sourceTree = "<group>"; };
		85999FF029BEF06200BA569B /* DestiniModel.swift */ = {isa = PBXFileReference; lastKnownFileType = sourcecode.swift; path = DestiniModel.swift; sourceTree = "<group>"; };
		85999FF229BEF1D300BA569B /* DestiniManager.swift */ = {isa = PBXFileReference; lastKnownFileType = sourcecode.swift; path = DestiniManager.swift; sourceTree = "<group>"; };
		85999FF429BEF74800BA569B /* DestiniProtocol.swift */ = {isa = PBXFileReference; lastKnownFileType = sourcecode.swift; path = DestiniProtocol.swift; sourceTree = "<group>"; };
/* End PBXFileReference section */

/* Begin PBXFrameworksBuildPhase section */
		8507AC2729BB3FEF00514EE5 /* Frameworks */ = {
			isa = PBXFrameworksBuildPhase;
			buildActionMask = 2147483647;
			files = (
			);
			runOnlyForDeploymentPostprocessing = 0;
		};
/* End PBXFrameworksBuildPhase section */

/* Begin PBXGroup section */
		8507AC2129BB3FEF00514EE5 = {
			isa = PBXGroup;
			children = (
				8507AC2C29BB3FEF00514EE5 /* IosLearningStoryBoard */,
				8507AC2B29BB3FEF00514EE5 /* Products */,
			);
			sourceTree = "<group>";
		};
		8507AC2B29BB3FEF00514EE5 /* Products */ = {
			isa = PBXGroup;
			children = (
				8507AC2A29BB3FEF00514EE5 /* IosLearningStoryBoard.app */,
			);
			name = Products;
			sourceTree = "<group>";
		};
		8507AC2C29BB3FEF00514EE5 /* IosLearningStoryBoard */ = {
			isa = PBXGroup;
			children = (
				852B683E29BE2B3500BF08F7 /* Destini */,
				852B683729BE27F600BF08F7 /* QuizzlerM */,
				852B683029BE181700BF08F7 /* Quizzler */,
				8507AC6A29BB90FF00514EE5 /* EggTimer */,
				8507AC5B29BB8C0200514EE5 /* Sounds */,
				8507AC5829BB8A7A00514EE5 /* Xylophone */,
				8507AC5329BB6D3200514EE5 /* Calculator */,
				8507AC5229BB6D2500514EE5 /* Magic Ball */,
				8507AC4F29BB6C3400514EE5 /* Dicee Roll */,
				8507AC4C29BB5D8A00514EE5 /* I Am Poor */,
				8507AC4929BB4EF500514EE5 /* I Am Rich */,
				8507AC4629BB446700514EE5 /* HomeScreen */,
				8507AC4129BB43FC00514EE5 /* CustomDesign */,
				8507AC2D29BB3FEF00514EE5 /* AppDelegate.swift */,
				8507AC2F29BB3FEF00514EE5 /* SceneDelegate.swift */,
				8507AC3129BB3FEF00514EE5 /* ViewController.swift */,
				8507AC3329BB3FEF00514EE5 /* Main.storyboard */,
				8507AC3629BB3FF300514EE5 /* Assets.xcassets */,
				8507AC3829BB3FF300514EE5 /* LaunchScreen.storyboard */,
				8507AC3B29BB3FF300514EE5 /* Info.plist */,
			);
			path = IosLearningStoryBoard;
			sourceTree = "<group>";
		};
		8507AC4129BB43FC00514EE5 /* CustomDesign */ = {
			isa = PBXGroup;
			children = (
				8507AC4229BB442300514EE5 /* CustomHomeTableViewCell.swift */,
				8507AC4329BB442300514EE5 /* CustomHomeTableViewCell.xib */,
			);
			path = CustomDesign;
			sourceTree = "<group>";
		};
		8507AC4629BB446700514EE5 /* HomeScreen */ = {
			isa = PBXGroup;
			children = (
				8507AC4729BB448300514EE5 /* AppListModel.swift */,
			);
			path = HomeScreen;
			sourceTree = "<group>";
		};
		8507AC4929BB4EF500514EE5 /* I Am Rich */ = {
			isa = PBXGroup;
			children = (
				8507AC4A29BB4F4300514EE5 /* IAmRichViewController.swift */,
			);
			path = "I Am Rich";
			sourceTree = "<group>";
		};
		8507AC4C29BB5D8A00514EE5 /* I Am Poor */ = {
			isa = PBXGroup;
			children = (
				8507AC4D29BB5DC500514EE5 /* IAmPoorViewController.swift */,
			);
			path = "I Am Poor";
			sourceTree = "<group>";
		};
		8507AC4F29BB6C3400514EE5 /* Dicee Roll */ = {
			isa = PBXGroup;
			children = (
				8507AC5029BB6C5600514EE5 /* DiceeRollViewController.swift */,
			);
			path = "Dicee Roll";
			sourceTree = "<group>";
		};
		8507AC5229BB6D2500514EE5 /* Magic Ball */ = {
			isa = PBXGroup;
			children = (
				8507AC5629BB6D5300514EE5 /* MagicBallViewController.swift */,
			);
			path = "Magic Ball";
			sourceTree = "<group>";
		};
		8507AC5329BB6D3200514EE5 /* Calculator */ = {
			isa = PBXGroup;
			children = (
				8507AC5429BB6D4600514EE5 /* CalculatorViewController.swift */,
			);
			path = Calculator;
			sourceTree = "<group>";
		};
		8507AC5829BB8A7A00514EE5 /* Xylophone */ = {
			isa = PBXGroup;
			children = (
				8507AC5929BB8A9200514EE5 /* XylophoneViewController.swift */,
			);
			path = Xylophone;
			sourceTree = "<group>";
		};
		8507AC5B29BB8C0200514EE5 /* Sounds */ = {
			isa = PBXGroup;
			children = (
				8507AC5F29BB8C3300514EE5 /* A.wav */,
				8507AC6229BB8C3300514EE5 /* B.wav */,
				8507AC6129BB8C3300514EE5 /* C.wav */,
				8507AC5C29BB8C3300514EE5 /* D.wav */,
				8507AC5E29BB8C3300514EE5 /* E.wav */,
				8507AC6029BB8C3300514EE5 /* F.wav */,
				8507AC5D29BB8C3300514EE5 /* G.wav */,
			);
			path = Sounds;
			sourceTree = "<group>";
		};
		8507AC6A29BB90FF00514EE5 /* EggTimer */ = {
			isa = PBXGroup;
			children = (
				8507AC6B29BB911700514EE5 /* EggTimerViewController.swift */,
			);
			path = EggTimer;
			sourceTree = "<group>";
		};
		852B683029BE181700BF08F7 /* Quizzler */ = {
			isa = PBXGroup;
			children = (
				852B683129BE182C00BF08F7 /* QuizzlerViewController.swift */,
				852B683329BE1E6100BF08F7 /* QuestionModel.swift */,
				852B683529BE1E6E00BF08F7 /* QuizzBrain.swift */,
			);
			path = Quizzler;
			sourceTree = "<group>";
		};
		852B683729BE27F600BF08F7 /* QuizzlerM */ = {
			isa = PBXGroup;
			children = (
				852B683829BE281600BF08F7 /* QuizzlerMViewController.swift */,
				852B683A29BE283500BF08F7 /* QuizMModel.swift */,
				852B683C29BE28C300BF08F7 /* QuizManager.swift */,
			);
			path = QuizzlerM;
			sourceTree = "<group>";
		};
		852B683E29BE2B3500BF08F7 /* Destini */ = {
			isa = PBXGroup;
			children = (
				852B683F29BE2B4800BF08F7 /* DestiniViewController.swift */,
				85999FF029BEF06200BA569B /* DestiniModel.swift */,
				85999FF229BEF1D300BA569B /* DestiniManager.swift */,
				85999FF429BEF74800BA569B /* DestiniProtocol.swift */,
			);
			path = Destini;
			sourceTree = "<group>";
		};
/* End PBXGroup section */

/* Begin PBXNativeTarget section */
		8507AC2929BB3FEF00514EE5 /* IosLearningStoryBoard */ = {
			isa = PBXNativeTarget;
			buildConfigurationList = 8507AC3E29BB3FF300514EE5 /* Build configuration list for PBXNativeTarget "IosLearningStoryBoard" */;
			buildPhases = (
				8507AC2629BB3FEF00514EE5 /* Sources */,
				8507AC2729BB3FEF00514EE5 /* Frameworks */,
				8507AC2829BB3FEF00514EE5 /* Resources */,
			);
			buildRules = (
			);
			dependencies = (
			);
			name = IosLearningStoryBoard;
			productName = IosLearningStoryBoard;
			productReference = 8507AC2A29BB3FEF00514EE5 /* IosLearningStoryBoard.app */;
			productType = "com.apple.product-type.application";
		};
/* End PBXNativeTarget section */

/* Begin PBXProject section */
		8507AC2229BB3FEF00514EE5 /* Project object */ = {
			isa = PBXProject;
			attributes = {
				BuildIndependentTargetsInParallel = 1;
				LastSwiftUpdateCheck = 1330;
				LastUpgradeCheck = 1330;
				TargetAttributes = {
					8507AC2929BB3FEF00514EE5 = {
						CreatedOnToolsVersion = 13.3;
					};
				};
			};
			buildConfigurationList = 8507AC2529BB3FEF00514EE5 /* Build configuration list for PBXProject "IosLearningStoryBoard" */;
			compatibilityVersion = "Xcode 13.0";
			developmentRegion = en;
			hasScannedForEncodings = 0;
			knownRegions = (
				en,
				Base,
			);
			mainGroup = 8507AC2129BB3FEF00514EE5;
			productRefGroup = 8507AC2B29BB3FEF00514EE5 /* Products */;
			projectDirPath = "";
			projectRoot = "";
			targets = (
				8507AC2929BB3FEF00514EE5 /* IosLearningStoryBoard */,
			);
		};
/* End PBXProject section */

/* Begin PBXResourcesBuildPhase section */
		8507AC2829BB3FEF00514EE5 /* Resources */ = {
			isa = PBXResourcesBuildPhase;
			buildActionMask = 2147483647;
			files = (
				8507AC6929BB8C3300514EE5 /* B.wav in Resources */,
				8507AC6429BB8C3300514EE5 /* G.wav in Resources */,
				8507AC3A29BB3FF300514EE5 /* LaunchScreen.storyboard in Resources */,
				8507AC6629BB8C3300514EE5 /* A.wav in Resources */,
				8507AC6729BB8C3300514EE5 /* F.wav in Resources */,
				8507AC6829BB8C3300514EE5 /* C.wav in Resources */,
				8507AC3729BB3FF300514EE5 /* Assets.xcassets in Resources */,
				8507AC6329BB8C3300514EE5 /* D.wav in Resources */,
				8507AC3529BB3FEF00514EE5 /* Main.storyboard in Resources */,
				8507AC6529BB8C3300514EE5 /* E.wav in Resources */,
				8507AC4529BB442300514EE5 /* CustomHomeTableViewCell.xib in Resources */,
			);
			runOnlyForDeploymentPostprocessing = 0;
		};
/* End PBXResourcesBuildPhase section */

/* Begin PBXSourcesBuildPhase section */
		8507AC2629BB3FEF00514EE5 /* Sources */ = {
			isa = PBXSourcesBuildPhase;
			buildActionMask = 2147483647;
			files = (
				8507AC4B29BB4F4300514EE5 /* IAmRichViewController.swift in Sources */,
				8507AC3229BB3FEF00514EE5 /* ViewController.swift in Sources */,
				8507AC5129BB6C5600514EE5 /* DiceeRollViewController.swift in Sources */,
				852B683B29BE283500BF08F7 /* QuizMModel.swift in Sources */,
				852B683D29BE28C300BF08F7 /* QuizManager.swift in Sources */,
				8507AC2E29BB3FEF00514EE5 /* AppDelegate.swift in Sources */,
				85999FF529BEF74800BA569B /* DestiniProtocol.swift in Sources */,
				852B683229BE182C00BF08F7 /* QuizzlerViewController.swift in Sources */,
				85999FF329BEF1D300BA569B /* DestiniManager.swift in Sources */,
				852B684029BE2B4800BF08F7 /* DestiniViewController.swift in Sources */,
				8507AC3029BB3FEF00514EE5 /* SceneDelegate.swift in Sources */,
				8507AC4E29BB5DC500514EE5 /* IAmPoorViewController.swift in Sources */,
				852B683429BE1E6100BF08F7 /* QuestionModel.swift in Sources */,
				8507AC6C29BB911700514EE5 /* EggTimerViewController.swift in Sources */,
				8507AC4829BB448300514EE5 /* AppListModel.swift in Sources */,
				852B683929BE281600BF08F7 /* QuizzlerMViewController.swift in Sources */,
				85999FF129BEF06200BA569B /* DestiniModel.swift in Sources */,
				8507AC5529BB6D4600514EE5 /* CalculatorViewController.swift in Sources */,
				852B683629BE1E6E00BF08F7 /* QuizzBrain.swift in Sources */,
				8507AC4429BB442300514EE5 /* CustomHomeTableViewCell.swift in Sources */,
				8507AC5A29BB8A9200514EE5 /* XylophoneViewController.swift in Sources */,
				8507AC5729BB6D5300514EE5 /* MagicBallViewController.swift in Sources */,
			);
			runOnlyForDeploymentPostprocessing = 0;
		};
/* End PBXSourcesBuildPhase section */

/* Begin PBXVariantGroup section */
		8507AC3329BB3FEF00514EE5 /* Main.storyboard */ = {
			isa = PBXVariantGroup;
			children = (
				8507AC3429BB3FEF00514EE5 /* Base */,
			);
			name = Main.storyboard;
			sourceTree = "<group>";
		};
		8507AC3829BB3FF300514EE5 /* LaunchScreen.storyboard */ = {
			isa = PBXVariantGroup;
			children = (
				8507AC3929BB3FF300514EE5 /* Base */,
			);
			name = LaunchScreen.storyboard;
			sourceTree = "<group>";
		};
/* End PBXVariantGroup section */

/* Begin XCBuildConfiguration section */
		8507AC3C29BB3FF300514EE5 /* Debug */ = {
			isa = XCBuildConfiguration;
			buildSettings = {
				ALWAYS_SEARCH_USER_PATHS = NO;
				CLANG_ANALYZER_NONNULL = YES;
				CLANG_ANALYZER_NUMBER_OBJECT_CONVERSION = YES_AGGRESSIVE;
				CLANG_CXX_LANGUAGE_STANDARD = "gnu++17";
				CLANG_ENABLE_MODULES = YES;
				CLANG_ENABLE_OBJC_ARC = YES;
				CLANG_ENABLE_OBJC_WEAK = YES;
				CLANG_WARN_BLOCK_CAPTURE_AUTORELEASING = YES;
				CLANG_WARN_BOOL_CONVERSION = YES;
				CLANG_WARN_COMMA = YES;
				CLANG_WARN_CONSTANT_CONVERSION = YES;
				CLANG_WARN_DEPRECATED_OBJC_IMPLEMENTATIONS = YES;
				CLANG_WARN_DIRECT_OBJC_ISA_USAGE = YES_ERROR;
				CLANG_WARN_DOCUMENTATION_COMMENTS = YES;
				CLANG_WARN_EMPTY_BODY = YES;
				CLANG_WARN_ENUM_CONVERSION = YES;
				CLANG_WARN_INFINITE_RECURSION = YES;
				CLANG_WARN_INT_CONVERSION = YES;
				CLANG_WARN_NON_LITERAL_NULL_CONVERSION = YES;
				CLANG_WARN_OBJC_IMPLICIT_RETAIN_SELF = YES;
				CLANG_WARN_OBJC_LITERAL_CONVERSION = YES;
				CLANG_WARN_OBJC_ROOT_CLASS = YES_ERROR;
				CLANG_WARN_QUOTED_INCLUDE_IN_FRAMEWORK_HEADER = YES;
				CLANG_WARN_RANGE_LOOP_ANALYSIS = YES;
				CLANG_WARN_STRICT_PROTOTYPES = YES;
				CLANG_WARN_SUSPICIOUS_MOVE = YES;
				CLANG_WARN_UNGUARDED_AVAILABILITY = YES_AGGRESSIVE;
				CLANG_WARN_UNREACHABLE_CODE = YES;
				CLANG_WARN__DUPLICATE_METHOD_MATCH = YES;
				COPY_PHASE_STRIP = NO;
				DEBUG_INFORMATION_FORMAT = dwarf;
				ENABLE_STRICT_OBJC_MSGSEND = YES;
				ENABLE_TESTABILITY = YES;
				GCC_C_LANGUAGE_STANDARD = gnu11;
				GCC_DYNAMIC_NO_PIC = NO;
				GCC_NO_COMMON_BLOCKS = YES;
				GCC_OPTIMIZATION_LEVEL = 0;
				GCC_PREPROCESSOR_DEFINITIONS = (
					"DEBUG=1",
					"$(inherited)",
				);
				GCC_WARN_64_TO_32_BIT_CONVERSION = YES;
				GCC_WARN_ABOUT_RETURN_TYPE = YES_ERROR;
				GCC_WARN_UNDECLARED_SELECTOR = YES;
				GCC_WARN_UNINITIALIZED_AUTOS = YES_AGGRESSIVE;
				GCC_WARN_UNUSED_FUNCTION = YES;
				GCC_WARN_UNUSED_VARIABLE = YES;
				IPHONEOS_DEPLOYMENT_TARGET = 15.4;
				MTL_ENABLE_DEBUG_INFO = INCLUDE_SOURCE;
				MTL_FAST_MATH = YES;
				ONLY_ACTIVE_ARCH = YES;
				SDKROOT = iphoneos;
				SWIFT_ACTIVE_COMPILATION_CONDITIONS = DEBUG;
				SWIFT_OPTIMIZATION_LEVEL = "-Onone";
			};
			name = Debug;
		};
		8507AC3D29BB3FF300514EE5 /* Release */ = {
			isa = XCBuildConfiguration;
			buildSettings = {
				ALWAYS_SEARCH_USER_PATHS = NO;
				CLANG_ANALYZER_NONNULL = YES;
				CLANG_ANALYZER_NUMBER_OBJECT_CONVERSION = YES_AGGRESSIVE;
				CLANG_CXX_LANGUAGE_STANDARD = "gnu++17";
				CLANG_ENABLE_MODULES = YES;
				CLANG_ENABLE_OBJC_ARC = YES;
				CLANG_ENABLE_OBJC_WEAK = YES;
				CLANG_WARN_BLOCK_CAPTURE_AUTORELEASING = YES;
				CLANG_WARN_BOOL_CONVERSION = YES;
				CLANG_WARN_COMMA = YES;
				CLANG_WARN_CONSTANT_CONVERSION = YES;
				CLANG_WARN_DEPRECATED_OBJC_IMPLEMENTATIONS = YES;
				CLANG_WARN_DIRECT_OBJC_ISA_USAGE = YES_ERROR;
				CLANG_WARN_DOCUMENTATION_COMMENTS = YES;
				CLANG_WARN_EMPTY_BODY = YES;
				CLANG_WARN_ENUM_CONVERSION = YES;
				CLANG_WARN_INFINITE_RECURSION = YES;
				CLANG_WARN_INT_CONVERSION = YES;
				CLANG_WARN_NON_LITERAL_NULL_CONVERSION = YES;
				CLANG_WARN_OBJC_IMPLICIT_RETAIN_SELF = YES;
				CLANG_WARN_OBJC_LITERAL_CONVERSION = YES;
				CLANG_WARN_OBJC_ROOT_CLASS = YES_ERROR;
				CLANG_WARN_QUOTED_INCLUDE_IN_FRAMEWORK_HEADER = YES;
				CLANG_WARN_RANGE_LOOP_ANALYSIS = YES;
				CLANG_WARN_STRICT_PROTOTYPES = YES;
				CLANG_WARN_SUSPICIOUS_MOVE = YES;
				CLANG_WARN_UNGUARDED_AVAILABILITY = YES_AGGRESSIVE;
				CLANG_WARN_UNREACHABLE_CODE = YES;
				CLANG_WARN__DUPLICATE_METHOD_MATCH = YES;
				COPY_PHASE_STRIP = NO;
				DEBUG_INFORMATION_FORMAT = "dwarf-with-dsym";
				ENABLE_NS_ASSERTIONS = NO;
				ENABLE_STRICT_OBJC_MSGSEND = YES;
				GCC_C_LANGUAGE_STANDARD = gnu11;
				GCC_NO_COMMON_BLOCKS = YES;
				GCC_WARN_64_TO_32_BIT_CONVERSION = YES;
				GCC_WARN_ABOUT_RETURN_TYPE = YES_ERROR;
				GCC_WARN_UNDECLARED_SELECTOR = YES;
				GCC_WARN_UNINITIALIZED_AUTOS = YES_AGGRESSIVE;
				GCC_WARN_UNUSED_FUNCTION = YES;
				GCC_WARN_UNUSED_VARIABLE = YES;
				IPHONEOS_DEPLOYMENT_TARGET = 15.4;
				MTL_ENABLE_DEBUG_INFO = NO;
				MTL_FAST_MATH = YES;
				SDKROOT = iphoneos;
				SWIFT_COMPILATION_MODE = wholemodule;
				SWIFT_OPTIMIZATION_LEVEL = "-O";
				VALIDATE_PRODUCT = YES;
			};
			name = Release;
		};
		8507AC3F29BB3FF300514EE5 /* Debug */ = {
			isa = XCBuildConfiguration;
			buildSettings = {
				ASSETCATALOG_COMPILER_APPICON_NAME = AppIcon;
				ASSETCATALOG_COMPILER_GLOBAL_ACCENT_COLOR_NAME = AccentColor;
				CODE_SIGN_STYLE = Automatic;
				CURRENT_PROJECT_VERSION = 1;
				GENERATE_INFOPLIST_FILE = YES;
				INFOPLIST_FILE = IosLearningStoryBoard/Info.plist;
				INFOPLIST_KEY_UIApplicationSupportsIndirectInputEvents = YES;
				INFOPLIST_KEY_UILaunchStoryboardName = LaunchScreen;
				INFOPLIST_KEY_UIMainStoryboardFile = Main;
				INFOPLIST_KEY_UISupportedInterfaceOrientations_iPad = "UIInterfaceOrientationPortrait UIInterfaceOrientationPortraitUpsideDown UIInterfaceOrientationLandscapeLeft UIInterfaceOrientationLandscapeRight";
				INFOPLIST_KEY_UISupportedInterfaceOrientations_iPhone = "UIInterfaceOrientationPortrait UIInterfaceOrientationLandscapeLeft UIInterfaceOrientationLandscapeRight";
				LD_RUNPATH_SEARCH_PATHS = (
					"$(inherited)",
					"@executable_path/Frameworks",
				);
				MARKETING_VERSION = 1.0;
				PRODUCT_BUNDLE_IDENTIFIER = com.seehrasolutions.IosLearningStoryBoard;
				PRODUCT_NAME = "$(TARGET_NAME)";
				SWIFT_EMIT_LOC_STRINGS = YES;
				SWIFT_VERSION = 5.0;
				TARGETED_DEVICE_FAMILY = 1;
			};
			name = Debug;
		};
		8507AC4029BB3FF300514EE5 /* Release */ = {
			isa = XCBuildConfiguration;
			buildSettings = {
				ASSETCATALOG_COMPILER_APPICON_NAME = AppIcon;
				ASSETCATALOG_COMPILER_GLOBAL_ACCENT_COLOR_NAME = AccentColor;
				CODE_SIGN_STYLE = Automatic;
				CURRENT_PROJECT_VERSION = 1;
				GENERATE_INFOPLIST_FILE = YES;
				INFOPLIST_FILE = IosLearningStoryBoard/Info.plist;
				INFOPLIST_KEY_UIApplicationSupportsIndirectInputEvents = YES;
				INFOPLIST_KEY_UILaunchStoryboardName = LaunchScreen;
				INFOPLIST_KEY_UIMainStoryboardFile = Main;
				INFOPLIST_KEY_UISupportedInterfaceOrientations_iPad = "UIInterfaceOrientationPortrait UIInterfaceOrientationPortraitUpsideDown UIInterfaceOrientationLandscapeLeft UIInterfaceOrientationLandscapeRight";
				INFOPLIST_KEY_UISupportedInterfaceOrientations_iPhone = "UIInterfaceOrientationPortrait UIInterfaceOrientationLandscapeLeft UIInterfaceOrientationLandscapeRight";
				LD_RUNPATH_SEARCH_PATHS = (
					"$(inherited)",
					"@executable_path/Frameworks",
				);
				MARKETING_VERSION = 1.0;
				PRODUCT_BUNDLE_IDENTIFIER = com.seehrasolutions.IosLearningStoryBoard;
				PRODUCT_NAME = "$(TARGET_NAME)";
				SWIFT_EMIT_LOC_STRINGS = YES;
				SWIFT_VERSION = 5.0;
				TARGETED_DEVICE_FAMILY = 1;
			};
			name = Release;
		};
/* End XCBuildConfiguration section */

/* Begin XCConfigurationList section */
		8507AC2529BB3FEF00514EE5 /* Build configuration list for PBXProject "IosLearningStoryBoard" */ = {
			isa = XCConfigurationList;
			buildConfigurations = (
				8507AC3C29BB3FF300514EE5 /* Debug */,
				8507AC3D29BB3FF300514EE5 /* Release */,
			);
			defaultConfigurationIsVisible = 0;
			defaultConfigurationName = Release;
		};
		8507AC3E29BB3FF300514EE5 /* Build configuration list for PBXNativeTarget "IosLearningStoryBoard" */ = {
			isa = XCConfigurationList;
			buildConfigurations = (
				8507AC3F29BB3FF300514EE5 /* Debug */,
				8507AC4029BB3FF300514EE5 /* Release */,
			);
			defaultConfigurationIsVisible = 0;
			defaultConfigurationName = Release;
		};
/* End XCConfigurationList section */
	};
	rootObject = 8507AC2229BB3FEF00514EE5 /* Project object */;
}
